
Microsoft Visual Studio Solution File, Format Version 12.00
# Visual Studio Version 17
VisualStudioVersion = 17.4.33213.308
MinimumVisualStudioVersion = 10.0.40219.1
Project("{FAE04EC0-301F-11D3-BF4B-00C04F79EFBC}") = "Lesson10", "Lesson10\Lesson10.csproj", "{C7A2D0B5-8984-4198-B19A-FE5DDCA171D7}"
EndProject
Global
	GlobalSection(SolutionConfigurationPlatforms) = preSolution
		Debug|Any CPU = Debug|Any CPU
		Release|Any CPU = Release|Any CPU
	EndGlobalSection
	GlobalSection(ProjectConfigurationPlatforms) = postSolution
		{C7A2D0B5-8984-4198-B19A-FE5DDCA171D7}.Debug|Any CPU.ActiveCfg = Debug|Any CPU
		{C7A2D0B5-8984-4198-B19A-FE5DDCA171D7}.Debug|Any CPU.Build.0 = Debug|Any CPU
		{C7A2D0B5-8984-4198-B19A-FE5DDCA171D7}.Release|Any CPU.ActiveCfg = Release|Any CPU
		{C7A2D0B5-8984-4198-B19A-FE5DDCA171D7}.Release|Any CPU.Build.0 = Release|Any CPU
	EndGlobalSection
	GlobalSection(SolutionProperties) = preSolution
		HideSolutionNode = FALSE
	EndGlobalSection
	GlobalSection(ExtensibilityGlobals) = postSolution
		SolutionGuid = {FF2293EC-99CD-483F-A0DD-A2D9B3ECC0E8}
	EndGlobalSection
EndGlobal
